
Microsoft Visual Studio Solution File, Format Version 12.00
# Visual Studio Version 17
VisualStudioVersion = 17.4.33205.214
MinimumVisualStudioVersion = 10.0.40219.1
Project("{FAE04EC0-301F-11D3-BF4B-00C04F79EFBC}") = "DapperWebApi", "DapperWebApi\DapperWebApi.csproj", "{ED702FD4-117B-4F8C-A5D8-D39190D91D36}"
EndProject
Global
	GlobalSection(SolutionConfigurationPlatforms) = preSolution
		Debug|Any CPU = Debug|Any CPU
		Release|Any CPU = Release|Any CPU
	EndGlobalSection
	GlobalSection(ProjectConfigurationPlatforms) = postSolution
		{ED702FD4-117B-4F8C-A5D8-D39190D91D36}.Debug|Any CPU.ActiveCfg = Debug|Any CPU
		{ED702FD4-117B-4F8C-A5D8-D39190D91D36}.Debug|Any CPU.Build.0 = Debug|Any CPU
		{ED702FD4-117B-4F8C-A5D8-D39190D91D36}.Release|Any CPU.ActiveCfg = Release|Any CPU
		{ED702FD4-117B-4F8C-A5D8-D39190D91D36}.Release|Any CPU.Build.0 = Release|Any CPU
	EndGlobalSection
	GlobalSection(SolutionProperties) = preSolution
		HideSolutionNode = FALSE
	EndGlobalSection
	GlobalSection(ExtensibilityGlobals) = postSolution
		SolutionGuid = {BF953CB6-C7A3-40D3-BCF3-5B862F13A33F}
	EndGlobalSection
EndGlobal
